
Microsoft Visual Studio Solution File, Format Version 12.00
# Visual Studio Version 17
VisualStudioVersion = 17.5.33103.201
MinimumVisualStudioVersion = 10.0.40219.1
Project("{9A19103F-16F7-4668-BE54-9A1E7A4F7556}") = "GiantSms.Net", "GiantSms.Net\GiantSms.Net.csproj", "{82CD4F5F-3859-4A3A-B973-BFF17F1DFC7B}"
EndProject
Project("{FAE04EC0-301F-11D3-BF4B-00C04F79EFBC}") = "GiantSms.Demo", "GiantSms.Demo\GiantSms.Demo.csproj", "{A94AE40A-BB91-4E91-B6D0-B55AFBFD9A21}"
EndProject
Project("{FAE04EC0-301F-11D3-BF4B-00C04F79EFBC}") = "GiantSms.Tests", "GiantSms.Tests\GiantSms.Tests.csproj", "{BC1F5EFA-7DDC-4D90-8D64-4DA304B0954F}"
EndProject
Global
	GlobalSection(SolutionConfigurationPlatforms) = preSolution
		Debug|Any CPU = Debug|Any CPU
		Release|Any CPU = Release|Any CPU
	EndGlobalSection
	GlobalSection(ProjectConfigurationPlatforms) = postSolution
		{82CD4F5F-3859-4A3A-B973-BFF17F1DFC7B}.Debug|Any CPU.ActiveCfg = Debug|Any CPU
		{82CD4F5F-3859-4A3A-B973-BFF17F1DFC7B}.Debug|Any CPU.Build.0 = Debug|Any CPU
		{82CD4F5F-3859-4A3A-B973-BFF17F1DFC7B}.Release|Any CPU.ActiveCfg = Release|Any CPU
		{82CD4F5F-3859-4A3A-B973-BFF17F1DFC7B}.Release|Any CPU.Build.0 = Release|Any CPU
		{A94AE40A-BB91-4E91-B6D0-B55AFBFD9A21}.Debug|Any CPU.ActiveCfg = Debug|Any CPU
		{A94AE40A-BB91-4E91-B6D0-B55AFBFD9A21}.Debug|Any CPU.Build.0 = Debug|Any CPU
		{A94AE40A-BB91-4E91-B6D0-B55AFBFD9A21}.Release|Any CPU.ActiveCfg = Release|Any CPU
		{A94AE40A-BB91-4E91-B6D0-B55AFBFD9A21}.Release|Any CPU.Build.0 = Release|Any CPU
		{BC1F5EFA-7DDC-4D90-8D64-4DA304B0954F}.Debug|Any CPU.ActiveCfg = Debug|Any CPU
		{BC1F5EFA-7DDC-4D90-8D64-4DA304B0954F}.Debug|Any CPU.Build.0 = Debug|Any CPU
		{BC1F5EFA-7DDC-4D90-8D64-4DA304B0954F}.Release|Any CPU.ActiveCfg = Release|Any CPU
		{BC1F5EFA-7DDC-4D90-8D64-4DA304B0954F}.Release|Any CPU.Build.0 = Release|Any CPU
	EndGlobalSection
	GlobalSection(SolutionProperties) = preSolution
		HideSolutionNode = FALSE
	EndGlobalSection
	GlobalSection(ExtensibilityGlobals) = postSolution
		SolutionGuid = {E256BA50-B433-483E-9521-8E0827EC720E}
	EndGlobalSection
EndGlobal
