
Microsoft Visual Studio Solution File, Format Version 12.00
# Visual Studio Version 17
VisualStudioVersion = 17.5.33103.201
MinimumVisualStudioVersion = 10.0.40219.1
Project("{2150E333-8FDC-42A3-9474-1A3956D46DE8}") = "demo", "demo", "{06E8AB7E-D303-41E3-8A8B-3BBDF2CC6B29}"
EndProject
Project("{2150E333-8FDC-42A3-9474-1A3956D46DE8}") = "src", "src", "{22362330-2859-4940-953B-540DF8E2A2F1}"
EndProject
Project("{2150E333-8FDC-42A3-9474-1A3956D46DE8}") = "tests", "tests", "{3B6F3BDD-DAD6-4470-8EF3-E682DBC3ABF7}"
EndProject
Project("{FAE04EC0-301F-11D3-BF4B-00C04F79EFBC}") = "GiantSMS.Net", "src\GiantSMS.Net\GiantSMS.Net.csproj", "{D023C1D2-4D1F-8D2C-A38E-560FA7DDF914}"
EndProject
Project("{FAE04EC0-301F-11D3-BF4B-00C04F79EFBC}") = "GiantSms.Tests", "tests\GiantSms.Tests\GiantSms.Tests.csproj", "{40CECE41-7E23-0564-FF5A-45F2C396E8B2}"
EndProject
Project("{FAE04EC0-301F-11D3-BF4B-00C04F79EFBC}") = "GiantSms.Demo", "demo\GiantSms.Demo\GiantSms.Demo.csproj", "{C245893D-20E1-504A-06F1-557B5D7773A2}"
EndProject
Global
	GlobalSection(SolutionConfigurationPlatforms) = preSolution
		Debug|Any CPU = Debug|Any CPU
		Release|Any CPU = Release|Any CPU
	EndGlobalSection
	GlobalSection(ProjectConfigurationPlatforms) = postSolution
		{D023C1D2-4D1F-8D2C-A38E-560FA7DDF914}.Debug|Any CPU.ActiveCfg = Debug|Any CPU
		{D023C1D2-4D1F-8D2C-A38E-560FA7DDF914}.Debug|Any CPU.Build.0 = Debug|Any CPU
		{D023C1D2-4D1F-8D2C-A38E-560FA7DDF914}.Release|Any CPU.ActiveCfg = Release|Any CPU
		{D023C1D2-4D1F-8D2C-A38E-560FA7DDF914}.Release|Any CPU.Build.0 = Release|Any CPU
		{40CECE41-7E23-0564-FF5A-45F2C396E8B2}.Debug|Any CPU.ActiveCfg = Debug|Any CPU
		{40CECE41-7E23-0564-FF5A-45F2C396E8B2}.Debug|Any CPU.Build.0 = Debug|Any CPU
		{40CECE41-7E23-0564-FF5A-45F2C396E8B2}.Release|Any CPU.ActiveCfg = Release|Any CPU
		{40CECE41-7E23-0564-FF5A-45F2C396E8B2}.Release|Any CPU.Build.0 = Release|Any CPU
		{C245893D-20E1-504A-06F1-557B5D7773A2}.Debug|Any CPU.ActiveCfg = Debug|Any CPU
		{C245893D-20E1-504A-06F1-557B5D7773A2}.Debug|Any CPU.Build.0 = Debug|Any CPU
		{C245893D-20E1-504A-06F1-557B5D7773A2}.Release|Any CPU.ActiveCfg = Release|Any CPU
		{C245893D-20E1-504A-06F1-557B5D7773A2}.Release|Any CPU.Build.0 = Release|Any CPU
	EndGlobalSection
	GlobalSection(SolutionProperties) = preSolution
		HideSolutionNode = FALSE
	EndGlobalSection
	GlobalSection(NestedProjects) = preSolution
		{D023C1D2-4D1F-8D2C-A38E-560FA7DDF914} = {22362330-2859-4940-953B-540DF8E2A2F1}
		{40CECE41-7E23-0564-FF5A-45F2C396E8B2} = {3B6F3BDD-DAD6-4470-8EF3-E682DBC3ABF7}
		{C245893D-20E1-504A-06F1-557B5D7773A2} = {06E8AB7E-D303-41E3-8A8B-3BBDF2CC6B29}
	EndGlobalSection
	GlobalSection(ExtensibilityGlobals) = postSolution
		SolutionGuid = {E256BA50-B433-483E-9521-8E0827EC720E}
	EndGlobalSection
EndGlobal
